
Microsoft Visual Studio Solution File, Format Version 12.00
# Visual Studio Version 17
VisualStudioVersion = 17.5.33502.453
MinimumVisualStudioVersion = 10.0.40219.1
Project("{9A19103F-16F7-4668-BE54-9A1E7A4F7556}") = "UserRegistrationAPI", "UserRegistrationAPI\UserRegistrationAPI.csproj", "{4029A30F-C0CD-49ED-B955-FA930E46C80B}"
EndProject
Project("{9A19103F-16F7-4668-BE54-9A1E7A4F7556}") = "HotelInformationAPI", "HotelInformationAPI\HotelInformationAPI.csproj", "{09183A4C-9E7E-4525-AB3F-1D2C87491115}"
EndProject
Project("{2150E333-8FDC-42A3-9474-1A3956D46DE8}") = "Solution Items", "Solution Items", "{165C3F97-81D6-46D3-82F8-7FA75EB3265E}"
	ProjectSection(SolutionItems) = preProject
		.editorconfig = .editorconfig
	EndProjectSection
EndProject
Project("{FAE04EC0-301F-11D3-BF4B-00C04F79EFBC}") = "RoomReservationAPI", "RoomReservationAPI\RoomReservationAPI.csproj", "{85189C3E-7260-47E8-803D-7C2544CAF262}"
EndProject
Global
	GlobalSection(SolutionConfigurationPlatforms) = preSolution
		Debug|Any CPU = Debug|Any CPU
		Release|Any CPU = Release|Any CPU
	EndGlobalSection
	GlobalSection(ProjectConfigurationPlatforms) = postSolution
		{4029A30F-C0CD-49ED-B955-FA930E46C80B}.Debug|Any CPU.ActiveCfg = Debug|Any CPU
		{4029A30F-C0CD-49ED-B955-FA930E46C80B}.Debug|Any CPU.Build.0 = Debug|Any CPU
		{4029A30F-C0CD-49ED-B955-FA930E46C80B}.Release|Any CPU.ActiveCfg = Release|Any CPU
		{4029A30F-C0CD-49ED-B955-FA930E46C80B}.Release|Any CPU.Build.0 = Release|Any CPU
		{09183A4C-9E7E-4525-AB3F-1D2C87491115}.Debug|Any CPU.ActiveCfg = Debug|Any CPU
		{09183A4C-9E7E-4525-AB3F-1D2C87491115}.Debug|Any CPU.Build.0 = Debug|Any CPU
		{09183A4C-9E7E-4525-AB3F-1D2C87491115}.Release|Any CPU.ActiveCfg = Release|Any CPU
		{09183A4C-9E7E-4525-AB3F-1D2C87491115}.Release|Any CPU.Build.0 = Release|Any CPU
		{85189C3E-7260-47E8-803D-7C2544CAF262}.Debug|Any CPU.ActiveCfg = Debug|Any CPU
		{85189C3E-7260-47E8-803D-7C2544CAF262}.Debug|Any CPU.Build.0 = Debug|Any CPU
		{85189C3E-7260-47E8-803D-7C2544CAF262}.Release|Any CPU.ActiveCfg = Release|Any CPU
		{85189C3E-7260-47E8-803D-7C2544CAF262}.Release|Any CPU.Build.0 = Release|Any CPU
	EndGlobalSection
	GlobalSection(SolutionProperties) = preSolution
		HideSolutionNode = FALSE
	EndGlobalSection
	GlobalSection(ExtensibilityGlobals) = postSolution
		SolutionGuid = {8D976C52-9A7F-4E2B-9EC0-52DDA56FED9A}
	EndGlobalSection
EndGlobal
